Microsoft Visual Studio Solution File, Format Version 12.00
# Visual Studio Version 17
VisualStudioVersion = 17.5.2.0
MinimumVisualStudioVersion = 10.0.40219.1
Project("{FAE04EC0-301F-11D3-BF4B-00C04F79EFBC}") = "TeamsMessageSender", "TeamsMessageSender.csproj", "{6C9ED4C4-6C86-715F-CE13-B470EF4DA6E7}"
EndProject
Global
	GlobalSection(SolutionConfigurationPlatforms) = preSolution
		Debug|Any CPU = Debug|Any CPU
		Release|Any CPU = Release|Any CPU
	EndGlobalSection
	GlobalSection(ProjectConfigurationPlatforms) = postSolution
		{6C9ED4C4-6C86-715F-CE13-B470EF4DA6E7}.Debug|Any CPU.ActiveCfg = Debug|Any CPU
		{6C9ED4C4-6C86-715F-CE13-B470EF4DA6E7}.Debug|Any CPU.Build.0 = Debug|Any CPU
		{6C9ED4C4-6C86-715F-CE13-B470EF4DA6E7}.Release|Any CPU.ActiveCfg = Release|Any CPU
		{6C9ED4C4-6C86-715F-CE13-B470EF4DA6E7}.Release|Any CPU.Build.0 = Release|Any CPU
	EndGlobalSection
	GlobalSection(SolutionProperties) = preSolution
		HideSolutionNode = FALSE
	EndGlobalSection
	GlobalSection(ExtensibilityGlobals) = postSolution
		SolutionGuid = {90ADFD05-3FB2-48A1-92AF-47E8CC149424}
	EndGlobalSection
EndGlobal
